
Microsoft Visual Studio Solution File, Format Version 12.00
# Visual Studio Version 17
VisualStudioVersion = 17.10.34928.147
MinimumVisualStudioVersion = 10.0.40219.1
Project("{FAE04EC0-301F-11D3-BF4B-00C04F79EFBC}") = "Wpf_Mvvm", "Wpf_Mvvm\Wpf_Mvvm.csproj", "{C85D4121-F9A9-4804-A130-25D9FF9DA497}"
EndProject
Global
	GlobalSection(SolutionConfigurationPlatforms) = preSolution
		Debug|Any CPU = Debug|Any CPU
		Release|Any CPU = Release|Any CPU
	EndGlobalSection
	GlobalSection(ProjectConfigurationPlatforms) = postSolution
		{C85D4121-F9A9-4804-A130-25D9FF9DA497}.Debug|Any CPU.ActiveCfg = Debug|Any CPU
		{C85D4121-F9A9-4804-A130-25D9FF9DA497}.Debug|Any CPU.Build.0 = Debug|Any CPU
		{C85D4121-F9A9-4804-A130-25D9FF9DA497}.Release|Any CPU.ActiveCfg = Release|Any CPU
		{C85D4121-F9A9-4804-A130-25D9FF9DA497}.Release|Any CPU.Build.0 = Release|Any CPU
	EndGlobalSection
	GlobalSection(SolutionProperties) = preSolution
		HideSolutionNode = FALSE
	EndGlobalSection
	GlobalSection(ExtensibilityGlobals) = postSolution
		SolutionGuid = {042D3B8A-13C1-4E66-BBF3-C97FE4AE569E}
	EndGlobalSection
EndGlobal
